// !$*UTF8*$!
{
	archiveVersion = 1;
	classes = {
	};
	objectVersion = 56;
	objects = {

/* Begin PBXBuildFile section */
		B015EF5B29D1AADA008E84F0 /* KayleAlarmApp.swift in Sources */ = {isa = PBXBuildFile; fileRef = B015EF5A29D1AADA008E84F0 /* KayleAlarmApp.swift */; };
		B015EF5D29D1AADA008E84F0 /* ContentView.swift in Sources */ = {isa = PBXBuildFile; fileRef = B015EF5C29D1AADA008E84F0 /* ContentView.swift */; };
		B015EF5F29D1AADB008E84F0 /* Assets.xcassets in Resources */ = {isa = PBXBuildFile; fileRef = B015EF5E29D1AADB008E84F0 /* Assets.xcassets */; };
		B015EF6229D1AADB008E84F0 /* Preview Assets.xcassets in Resources */ = {isa = PBXBuildFile; fileRef = B015EF6129D1AADB008E84F0 /* Preview Assets.xcassets */; };
		B015EF6D29D1AC6D008E84F0 /* FontsFree-Net-SF-Pro-Rounded-Regular.ttf in Resources */ = {isa = PBXBuildFile; fileRef = B015EF6C29D1AC6D008E84F0 /* FontsFree-Net-SF-Pro-Rounded-Regular.ttf */; };
		B015EF7129D1AC7D008E84F0 /* AppleSDGothicNeoB.ttf in Resources */ = {isa = PBXBuildFile; fileRef = B015EF6E29D1AC7D008E84F0 /* AppleSDGothicNeoB.ttf */; };
		B015EF7229D1AC7D008E84F0 /* AppleSDGothicNeoH.ttf in Resources */ = {isa = PBXBuildFile; fileRef = B015EF6F29D1AC7D008E84F0 /* AppleSDGothicNeoH.ttf */; };
		B015EF7329D1AC7D008E84F0 /* AppleSDGothicNeoEB.ttf in Resources */ = {isa = PBXBuildFile; fileRef = B015EF7029D1AC7D008E84F0 /* AppleSDGothicNeoEB.ttf */; };
		B015EF7829D1AF30008E84F0 /* Extension+Font.swift in Sources */ = {isa = PBXBuildFile; fileRef = B015EF7729D1AF30008E84F0 /* Extension+Font.swift */; };
		B015EF7A29D1B535008E84F0 /* Extension+Color.swift in Sources */ = {isa = PBXBuildFile; fileRef = B015EF7929D1B535008E84F0 /* Extension+Color.swift */; };
/* End PBXBuildFile section */

/* Begin PBXFileReference section */
		B015EF5729D1AADA008E84F0 /* KayleAlarm.app */ = {isa = PBXFileReference; explicitFileType = wrapper.application; includeInIndex = 0; path = KayleAlarm.app; sourceTree = BUILT_PRODUCTS_DIR; };
		B015EF5A29D1AADA008E84F0 /* KayleAlarmApp.swift */ = {isa = PBXFileReference; lastKnownFileType = sourcecode.swift; path = KayleAlarmApp.swift; sourceTree = "<group>"; };
		B015EF5C29D1AADA008E84F0 /* ContentView.swift */ = {isa = PBXFileReference; lastKnownFileType = sourcecode.swift; path = ContentView.swift; sourceTree = "<group>"; };
		B015EF5E29D1AADB008E84F0 /* Assets.xcassets */ = {isa = PBXFileReference; lastKnownFileType = folder.assetcatalog; path = Assets.xcassets; sourceTree = "<group>"; };
		B015EF6129D1AADB008E84F0 /* Preview Assets.xcassets */ = {isa = PBXFileReference; lastKnownFileType = folder.assetcatalog; path = "Preview Assets.xcassets"; sourceTree = "<group>"; };
		B015EF6C29D1AC6D008E84F0 /* FontsFree-Net-SF-Pro-Rounded-Regular.ttf */ = {isa = PBXFileReference; lastKnownFileType = file; path = "FontsFree-Net-SF-Pro-Rounded-Regular.ttf"; sourceTree = "<group>"; };
		B015EF6E29D1AC7D008E84F0 /* AppleSDGothicNeoB.ttf */ = {isa = PBXFileReference; lastKnownFileType = file; path = AppleSDGothicNeoB.ttf; sourceTree = "<group>"; };
		B015EF6F29D1AC7D008E84F0 /* AppleSDGothicNeoH.ttf */ = {isa = PBXFileReference; lastKnownFileType = file; path = AppleSDGothicNeoH.ttf; sourceTree = "<group>"; };
		B015EF7029D1AC7D008E84F0 /* AppleSDGothicNeoEB.ttf */ = {isa = PBXFileReference; lastKnownFileType = file; path = AppleSDGothicNeoEB.ttf; sourceTree = "<group>"; };
		B015EF7429D1ACE1008E84F0 /* Info.plist */ = {isa = PBXFileReference; lastKnownFileType = text.plist; path = Info.plist; sourceTree = "<group>"; };
		B015EF7729D1AF30008E84F0 /* Extension+Font.swift */ = {isa = PBXFileReference; lastKnownFileType = sourcecode.swift; path = "Extension+Font.swift"; sourceTree = "<group>"; };
		B015EF7929D1B535008E84F0 /* Extension+Color.swift */ = {isa = PBXFileReference; lastKnownFileType = sourcecode.swift; path = "Extension+Color.swift"; sourceTree = "<group>"; };
/* End PBXFileReference section */

/* Begin PBXFrameworksBuildPhase section */
		B015EF5429D1AADA008E84F0 /* Frameworks */ = {
			isa = PBXFrameworksBuildPhase;
			buildActionMask = 2147483647;
			files = (
			);
			runOnlyForDeploymentPostprocessing = 0;
		};
/* End PBXFrameworksBuildPhase section */

/* Begin PBXGroup section */
		B015EF4E29D1AADA008E84F0 = {
			isa = PBXGroup;
			children = (
				B015EF5929D1AADA008E84F0 /* KayleAlarm */,
				B015EF5829D1AADA008E84F0 /* Products */,
			);
			sourceTree = "<group>";
		};
		B015EF5829D1AADA008E84F0 /* Products */ = {
			isa = PBXGroup;
			children = (
				B015EF5729D1AADA008E84F0 /* KayleAlarm.app */,
			);
			name = Products;
			sourceTree = "<group>";
		};
		B015EF5929D1AADA008E84F0 /* KayleAlarm */ = {
			isa = PBXGroup;
			children = (
				B015EF7429D1ACE1008E84F0 /* Info.plist */,
				B015EF6A29D1ABC3008E84F0 /* Source */,
				B015EF6929D1ABA9008E84F0 /* Resource */,
				B015EF6029D1AADB008E84F0 /* Preview Content */,
			);
			path = KayleAlarm;
			sourceTree = "<group>";
		};
		B015EF6029D1AADB008E84F0 /* Preview Content */ = {
			isa = PBXGroup;
			children = (
				B015EF6129D1AADB008E84F0 /* Preview Assets.xcassets */,
			);
			path = "Preview Content";
			sourceTree = "<group>";
		};
		B015EF6929D1ABA9008E84F0 /* Resource */ = {
			isa = PBXGroup;
			children = (
				B015EF6B29D1AC51008E84F0 /* Font */,
				B015EF5E29D1AADB008E84F0 /* Assets.xcassets */,
			);
			path = Resource;
			sourceTree = "<group>";
		};
		B015EF6A29D1ABC3008E84F0 /* Source */ = {
			isa = PBXGroup;
			children = (
				B015EF7529D1AF07008E84F0 /* Util */,
				B015EF5A29D1AADA008E84F0 /* KayleAlarmApp.swift */,
				B015EF5C29D1AADA008E84F0 /* ContentView.swift */,
			);
			path = Source;
			sourceTree = "<group>";
		};
		B015EF6B29D1AC51008E84F0 /* Font */ = {
			isa = PBXGroup;
			children = (
				B015EF6C29D1AC6D008E84F0 /* FontsFree-Net-SF-Pro-Rounded-Regular.ttf */,
				B015EF6E29D1AC7D008E84F0 /* AppleSDGothicNeoB.ttf */,
				B015EF7029D1AC7D008E84F0 /* AppleSDGothicNeoEB.ttf */,
				B015EF6F29D1AC7D008E84F0 /* AppleSDGothicNeoH.ttf */,
			);
			path = Font;
			sourceTree = "<group>";
		};
		B015EF7529D1AF07008E84F0 /* Util */ = {
			isa = PBXGroup;
			children = (
				B015EF7629D1AF12008E84F0 /* Extension */,
			);
			path = Util;
			sourceTree = "<group>";
		};
		B015EF7629D1AF12008E84F0 /* Extension */ = {
			isa = PBXGroup;
			children = (
				B015EF7729D1AF30008E84F0 /* Extension+Font.swift */,
				B015EF7929D1B535008E84F0 /* Extension+Color.swift */,
			);
			path = Extension;
			sourceTree = "<group>";
		};
/* End PBXGroup section */

/* Begin PBXNativeTarget section */
		B015EF5629D1AADA008E84F0 /* KayleAlarm */ = {
			isa = PBXNativeTarget;
			buildConfigurationList = B015EF6529D1AADB008E84F0 /* Build configuration list for PBXNativeTarget "KayleAlarm" */;
			buildPhases = (
				B015EF5329D1AADA008E84F0 /* Sources */,
				B015EF5429D1AADA008E84F0 /* Frameworks */,
				B015EF5529D1AADA008E84F0 /* Resources */,
			);
			buildRules = (
			);
			dependencies = (
			);
			name = KayleAlarm;
			productName = KayleAlarm;
			productReference = B015EF5729D1AADA008E84F0 /* KayleAlarm.app */;
			productType = "com.apple.product-type.application";
		};
/* End PBXNativeTarget section */

/* Begin PBXProject section */
		B015EF4F29D1AADA008E84F0 /* Project object */ = {
			isa = PBXProject;
			attributes = {
				BuildIndependentTargetsInParallel = 1;
				LastSwiftUpdateCheck = 1420;
				LastUpgradeCheck = 1420;
				TargetAttributes = {
					B015EF5629D1AADA008E84F0 = {
						CreatedOnToolsVersion = 14.2;
					};
				};
			};
			buildConfigurationList = B015EF5229D1AADA008E84F0 /* Build configuration list for PBXProject "KayleAlarm" */;
			compatibilityVersion = "Xcode 14.0";
			developmentRegion = en;
			hasScannedForEncodings = 0;
			knownRegions = (
				en,
				Base,
			);
			mainGroup = B015EF4E29D1AADA008E84F0;
			productRefGroup = B015EF5829D1AADA008E84F0 /* Products */;
			projectDirPath = "";
			projectRoot = "";
			targets = (
				B015EF5629D1AADA008E84F0 /* KayleAlarm */,
			);
		};
/* End PBXProject section */

/* Begin PBXResourcesBuildPhase section */
		B015EF5529D1AADA008E84F0 /* Resources */ = {
			isa = PBXResourcesBuildPhase;
			buildActionMask = 2147483647;
			files = (
				B015EF7129D1AC7D008E84F0 /* AppleSDGothicNeoB.ttf in Resources */,
				B015EF6D29D1AC6D008E84F0 /* FontsFree-Net-SF-Pro-Rounded-Regular.ttf in Resources */,
				B015EF6229D1AADB008E84F0 /* Preview Assets.xcassets in Resources */,
				B015EF5F29D1AADB008E84F0 /* Assets.xcassets in Resources */,
				B015EF7329D1AC7D008E84F0 /* AppleSDGothicNeoEB.ttf in Resources */,
				B015EF7229D1AC7D008E84F0 /* AppleSDGothicNeoH.ttf in Resources */,
			);
			runOnlyForDeploymentPostprocessing = 0;
		};
/* End PBXResourcesBuildPhase section */

/* Begin PBXSourcesBuildPhase section */
		B015EF5329D1AADA008E84F0 /* Sources */ = {
			isa = PBXSourcesBuildPhase;
			buildActionMask = 2147483647;
			files = (
				B015EF7829D1AF30008E84F0 /* Extension+Font.swift in Sources */,
				B015EF5D29D1AADA008E84F0 /* ContentView.swift in Sources */,
				B015EF5B29D1AADA008E84F0 /* KayleAlarmApp.swift in Sources */,
				B015EF7A29D1B535008E84F0 /* Extension+Color.swift in Sources */,
			);
			runOnlyForDeploymentPostprocessing = 0;
		};
/* End PBXSourcesBuildPhase section */

/* Begin XCBuildConfiguration section */
		B015EF6329D1AADB008E84F0 /* Debug */ = {
			isa = XCBuildConfiguration;
			buildSettings = {
				ALWAYS_SEARCH_USER_PATHS = NO;
				CLANG_ANALYZER_NONNULL = YES;
				CLANG_ANALYZER_NUMBER_OBJECT_CONVERSION = YES_AGGRESSIVE;
				CLANG_CXX_LANGUAGE_STANDARD = "gnu++20";
				CLANG_ENABLE_MODULES = YES;
				CLANG_ENABLE_OBJC_ARC = YES;
				CLANG_ENABLE_OBJC_WEAK = YES;
				CLANG_WARN_BLOCK_CAPTURE_AUTORELEASING = YES;
				CLANG_WARN_BOOL_CONVERSION = YES;
				CLANG_WARN_COMMA = YES;
				CLANG_WARN_CONSTANT_CONVERSION = YES;
				CLANG_WARN_DEPRECATED_OBJC_IMPLEMENTATIONS = YES;
				CLANG_WARN_DIRECT_OBJC_ISA_USAGE = YES_ERROR;
				CLANG_WARN_DOCUMENTATION_COMMENTS = YES;
				CLANG_WARN_EMPTY_BODY = YES;
				CLANG_WARN_ENUM_CONVERSION = YES;
				CLANG_WARN_INFINITE_RECURSION = YES;
				CLANG_WARN_INT_CONVERSION = YES;
				CLANG_WARN_NON_LITERAL_NULL_CONVERSION = YES;
				CLANG_WARN_OBJC_IMPLICIT_RETAIN_SELF = YES;
				CLANG_WARN_OBJC_LITERAL_CONVERSION = YES;
				CLANG_WARN_OBJC_ROOT_CLASS = YES_ERROR;
				CLANG_WARN_QUOTED_INCLUDE_IN_FRAMEWORK_HEADER = YES;
				CLANG_WARN_RANGE_LOOP_ANALYSIS = YES;
				CLANG_WARN_STRICT_PROTOTYPES = YES;
				CLANG_WARN_SUSPICIOUS_MOVE = YES;
				CLANG_WARN_UNGUARDED_AVAILABILITY = YES_AGGRESSIVE;
				CLANG_WARN_UNREACHABLE_CODE = YES;
				CLANG_WARN__DUPLICATE_METHOD_MATCH = YES;
				COPY_PHASE_STRIP = NO;
				DEBUG_INFORMATION_FORMAT = dwarf;
				ENABLE_STRICT_OBJC_MSGSEND = YES;
				ENABLE_TESTABILITY = YES;
				GCC_C_LANGUAGE_STANDARD = gnu11;
				GCC_DYNAMIC_NO_PIC = NO;
				GCC_NO_COMMON_BLOCKS = YES;
				GCC_OPTIMIZATION_LEVEL = 0;
				GCC_PREPROCESSOR_DEFINITIONS = (
					"DEBUG=1",
					"$(inherited)",
				);
				GCC_WARN_64_TO_32_BIT_CONVERSION = YES;
				GCC_WARN_ABOUT_RETURN_TYPE = YES_ERROR;
				GCC_WARN_UNDECLARED_SELECTOR = YES;
				GCC_WARN_UNINITIALIZED_AUTOS = YES_AGGRESSIVE;
				GCC_WARN_UNUSED_FUNCTION = YES;
				GCC_WARN_UNUSED_VARIABLE = YES;
				IPHONEOS_DEPLOYMENT_TARGET = 16.2;
				MTL_ENABLE_DEBUG_INFO = INCLUDE_SOURCE;
				MTL_FAST_MATH = YES;
				ONLY_ACTIVE_ARCH = YES;
				SDKROOT = iphoneos;
				SWIFT_ACTIVE_COMPILATION_CONDITIONS = DEBUG;
				SWIFT_OPTIMIZATION_LEVEL = "-Onone";
			};
			name = Debug;
		};
		B015EF6429D1AADB008E84F0 /* Release */ = {
			isa = XCBuildConfiguration;
			buildSettings = {
				ALWAYS_SEARCH_USER_PATHS = NO;
				CLANG_ANALYZER_NONNULL = YES;
				CLANG_ANALYZER_NUMBER_OBJECT_CONVERSION = YES_AGGRESSIVE;
				CLANG_CXX_LANGUAGE_STANDARD = "gnu++20";
				CLANG_ENABLE_MODULES = YES;
				CLANG_ENABLE_OBJC_ARC = YES;
				CLANG_ENABLE_OBJC_WEAK = YES;
				CLANG_WARN_BLOCK_CAPTURE_AUTORELEASING = YES;
				CLANG_WARN_BOOL_CONVERSION = YES;
				CLANG_WARN_COMMA = YES;
				CLANG_WARN_CONSTANT_CONVERSION = YES;
				CLANG_WARN_DEPRECATED_OBJC_IMPLEMENTATIONS = YES;
				CLANG_WARN_DIRECT_OBJC_ISA_USAGE = YES_ERROR;
				CLANG_WARN_DOCUMENTATION_COMMENTS = YES;
				CLANG_WARN_EMPTY_BODY = YES;
				CLANG_WARN_ENUM_CONVERSION = YES;
				CLANG_WARN_INFINITE_RECURSION = YES;
				CLANG_WARN_INT_CONVERSION = YES;
				CLANG_WARN_NON_LITERAL_NULL_CONVERSION = YES;
				CLANG_WARN_OBJC_IMPLICIT_RETAIN_SELF = YES;
				CLANG_WARN_OBJC_LITERAL_CONVERSION = YES;
				CLANG_WARN_OBJC_ROOT_CLASS = YES_ERROR;
				CLANG_WARN_QUOTED_INCLUDE_IN_FRAMEWORK_HEADER = YES;
				CLANG_WARN_RANGE_LOOP_ANALYSIS = YES;
				CLANG_WARN_STRICT_PROTOTYPES = YES;
				CLANG_WARN_SUSPICIOUS_MOVE = YES;
				CLANG_WARN_UNGUARDED_AVAILABILITY = YES_AGGRESSIVE;
				CLANG_WARN_UNREACHABLE_CODE = YES;
				CLANG_WARN__DUPLICATE_METHOD_MATCH = YES;
				COPY_PHASE_STRIP = NO;
				DEBUG_INFORMATION_FORMAT = "dwarf-with-dsym";
				ENABLE_NS_ASSERTIONS = NO;
				ENABLE_STRICT_OBJC_MSGSEND = YES;
				GCC_C_LANGUAGE_STANDARD = gnu11;
				GCC_NO_COMMON_BLOCKS = YES;
				GCC_WARN_64_TO_32_BIT_CONVERSION = YES;
				GCC_WARN_ABOUT_RETURN_TYPE = YES_ERROR;
				GCC_WARN_UNDECLARED_SELECTOR = YES;
				GCC_WARN_UNINITIALIZED_AUTOS = YES_AGGRESSIVE;
				GCC_WARN_UNUSED_FUNCTION = YES;
				GCC_WARN_UNUSED_VARIABLE = YES;
				IPHONEOS_DEPLOYMENT_TARGET = 16.2;
				MTL_ENABLE_DEBUG_INFO = NO;
				MTL_FAST_MATH = YES;
				SDKROOT = iphoneos;
				SWIFT_COMPILATION_MODE = wholemodule;
				SWIFT_OPTIMIZATION_LEVEL = "-O";
				VALIDATE_PRODUCT = YES;
			};
			name = Release;
		};
		B015EF6629D1AADB008E84F0 /* Debug */ = {
			isa = XCBuildConfiguration;
			buildSettings = {
				ASSETCATALOG_COMPILER_APPICON_NAME = AppIcon;
				ASSETCATALOG_COMPILER_GLOBAL_ACCENT_COLOR_NAME = AccentColor;
				CODE_SIGN_STYLE = Automatic;
				CURRENT_PROJECT_VERSION = 1;
				DEVELOPMENT_ASSET_PATHS = "\"KayleAlarm/Preview Content\"";
				DEVELOPMENT_TEAM = 28NL63HBTJ;
				ENABLE_PREVIEWS = YES;
				GENERATE_INFOPLIST_FILE = YES;
				INFOPLIST_FILE = KayleAlarm/Info.plist;
				INFOPLIST_KEY_UIApplicationSceneManifest_Generation = YES;
				INFOPLIST_KEY_UIApplicationSupportsIndirectInputEvents = YES;
				INFOPLIST_KEY_UILaunchScreen_Generation = YES;
				INFOPLIST_KEY_UISupportedInterfaceOrientations_iPad = "UIInterfaceOrientationPortrait UIInterfaceOrientationPortraitUpsideDown UIInterfaceOrientationLandscapeLeft UIInterfaceOrientationLandscapeRight";
				INFOPLIST_KEY_UISupportedInterfaceOrientations_iPhone = "UIInterfaceOrientationPortrait UIInterfaceOrientationLandscapeLeft UIInterfaceOrientationLandscapeRight";
				LD_RUNPATH_SEARCH_PATHS = (
					"$(inherited)",
					"@executable_path/Frameworks",
				);
				MARKETING_VERSION = 1.0;
				PRODUCT_BUNDLE_IDENTIFIER = com.AppleDeveloperAcademy.KayleAlarm;
				PRODUCT_NAME = "$(TARGET_NAME)";
				SWIFT_EMIT_LOC_STRINGS = YES;
				SWIFT_VERSION = 5.0;
				TARGETED_DEVICE_FAMILY = "1,2";
			};
			name = Debug;
		};
		B015EF6729D1AADB008E84F0 /* Release */ = {
			isa = XCBuildConfiguration;
			buildSettings = {
				ASSETCATALOG_COMPILER_APPICON_NAME = AppIcon;
				ASSETCATALOG_COMPILER_GLOBAL_ACCENT_COLOR_NAME = AccentColor;
				CODE_SIGN_STYLE = Automatic;
				CURRENT_PROJECT_VERSION = 1;
				DEVELOPMENT_ASSET_PATHS = "\"KayleAlarm/Preview Content\"";
				DEVELOPMENT_TEAM = 28NL63HBTJ;
				ENABLE_PREVIEWS = YES;
				GENERATE_INFOPLIST_FILE = YES;
				INFOPLIST_FILE = KayleAlarm/Info.plist;
				INFOPLIST_KEY_UIApplicationSceneManifest_Generation = YES;
				INFOPLIST_KEY_UIApplicationSupportsIndirectInputEvents = YES;
				INFOPLIST_KEY_UILaunchScreen_Generation = YES;
				INFOPLIST_KEY_UISupportedInterfaceOrientations_iPad = "UIInterfaceOrientationPortrait UIInterfaceOrientationPortraitUpsideDown UIInterfaceOrientationLandscapeLeft UIInterfaceOrientationLandscapeRight";
				INFOPLIST_KEY_UISupportedInterfaceOrientations_iPhone = "UIInterfaceOrientationPortrait UIInterfaceOrientationLandscapeLeft UIInterfaceOrientationLandscapeRight";
				LD_RUNPATH_SEARCH_PATHS = (
					"$(inherited)",
					"@executable_path/Frameworks",
				);
				MARKETING_VERSION = 1.0;
				PRODUCT_BUNDLE_IDENTIFIER = com.AppleDeveloperAcademy.KayleAlarm;
				PRODUCT_NAME = "$(TARGET_NAME)";
				SWIFT_EMIT_LOC_STRINGS = YES;
				SWIFT_VERSION = 5.0;
				TARGETED_DEVICE_FAMILY = "1,2";
			};
			name = Release;
		};
/* End XCBuildConfiguration section */

/* Begin XCConfigurationList section */
		B015EF5229D1AADA008E84F0 /* Build configuration list for PBXProject "KayleAlarm" */ = {
			isa = XCConfigurationList;
			buildConfigurations = (
				B015EF6329D1AADB008E84F0 /* Debug */,
				B015EF6429D1AADB008E84F0 /* Release */,
			);
			defaultConfigurationIsVisible = 0;
			defaultConfigurationName = Release;
		};
		B015EF6529D1AADB008E84F0 /* Build configuration list for PBXNativeTarget "KayleAlarm" */ = {
			isa = XCConfigurationList;
			buildConfigurations = (
				B015EF6629D1AADB008E84F0 /* Debug */,
				B015EF6729D1AADB008E84F0 /* Release */,
			);
			defaultConfigurationIsVisible = 0;
			defaultConfigurationName = Release;
		};
/* End XCConfigurationList section */
	};
	rootObject = B015EF4F29D1AADA008E84F0 /* Project object */;
}
